# THIS IS AN AUTOGENERATED FILE. DO NOT EDIT THIS FILE DIRECTLY.
# yarn lockfile v1


"@ant-design/colors@^6.0.0":
  version "6.0.0"
  resolved "https://registry.npmjs.org/@ant-design/colors/-/colors-6.0.0.tgz#9b9366257cffcc47db42b9d0203bb592c13c0298"
  integrity sha512-qAZRvPzfdWHtfameEGP2Qvuf838NhergR35o+EuVyB5XvSA98xod5r4utvi4TJ3ywmevm290g9nsCG5MryrdWQ==
  dependencies:
    "@ctrl/tinycolor" "^3.4.0"

"@ant-design/icons-svg@^4.0.0":
  version "4.1.0"
  resolved "https://registry.npmjs.org/@ant-design/icons-svg/-/icons-svg-4.1.0.tgz#480b025f4b20ef7fe8f47d4a4846e4fee84ea06c"
  integrity sha512-Fi03PfuUqRs76aI3UWYpP864lkrfPo0hluwGqh7NJdLhvH4iRDc3jbJqZIvRDLHKbXrvAfPPV3+zjUccfFvWOQ==

"@ant-design/icons@^4.5.0":
  version "4.5.0"
  resolved "https://registry.npmjs.org/@ant-design/icons/-/icons-4.5.0.tgz#dc5ceff85503932265143dc5c3013167daa3f754"
  integrity sha512-ZAKJcmr4DBV3NWr8wm2dCxNKN4eFrX+qCaPsuFejP6FRsf+m5OKxvCVi9bSp1lmKWeOI5yECAx5s0uFm4QHuPw==
  dependencies:
    "@ant-design/colors" "^6.0.0"
    "@ant-design/icons-svg" "^4.0.0"
    "@babel/runtime" "^7.11.2"
    classnames "^2.2.6"
    insert-css "^2.0.0"
    rc-util "^5.0.1"

"@ant-design/react-slick@~0.28.1":
  version "0.28.2"
  resolved "https://registry.npmjs.org/@ant-design/react-slick/-/react-slick-0.28.2.tgz#d2826f8a837b86b8d9cb0c38533ee8a491621f1b"
  integrity sha512-nkrvXsO29pLToFaBb3MlJY4McaUFR4UHtXTz6A5HBzYmxH4SwKerX54mWdGc/6tKpHvS3vUwjEOt2T5XqZEo8Q==
  dependencies:
    "@babel/runtime" "^7.10.4"
    classnames "^2.2.5"
    json2mq "^0.2.0"
    lodash "^4.17.15"
    resize-observer-polyfill "^1.5.0"

"@babel/code-frame@^7.12.13":
  version "7.12.13"
  resolved "https://registry.npmjs.org/@babel/code-frame/-/code-frame-7.12.13.tgz#dcfc826beef65e75c50e21d3837d7d95798dd658"
  integrity sha512-HV1Cm0Q3ZrpCR93tkWOYiuYIgLxZXZFVG2VgK+MBWjUqZTundupbfx2aXarXuw5Ko5aMcjtJgbSs4vUGBS5v6g==
  dependencies:
    "@babel/highlight" "^7.12.13"

"@babel/generator@^7.13.0":
  version "7.13.9"
  resolved "https://registry.npmjs.org/@babel/generator/-/generator-7.13.9.tgz#3a7aa96f9efb8e2be42d38d80e2ceb4c64d8de39"
  integrity sha512-mHOOmY0Axl/JCTkxTU6Lf5sWOg/v8nUa+Xkt4zMTftX0wqmb6Sh7J8gvcehBw7q0AhrhAR+FDacKjCZ2X8K+Sw==
  dependencies:
    "@babel/types" "^7.13.0"
    jsesc "^2.5.1"
    source-map "^0.5.0"

"@babel/helper-annotate-as-pure@^7.0.0":
  version "7.12.13"
  resolved "https://registry.npmjs.org/@babel/helper-annotate-as-pure/-/helper-annotate-as-pure-7.12.13.tgz#0f58e86dfc4bb3b1fcd7db806570e177d439b6ab"
  integrity sha512-7YXfX5wQ5aYM/BOlbSccHDbuXXFPxeoUmfWtz8le2yTkTZc+BxsiEnENFoi2SlmA8ewDkG2LgIMIVzzn2h8kfw==
  dependencies:
    "@babel/types" "^7.12.13"

"@babel/helper-function-name@^7.12.13":
  version "7.12.13"
  resolved "https://registry.npmjs.org/@babel/helper-function-name/-/helper-function-name-7.12.13.tgz#93ad656db3c3c2232559fd7b2c3dbdcbe0eb377a"
  integrity sha512-TZvmPn0UOqmvi5G4vvw0qZTpVptGkB1GL61R6lKvrSdIxGm5Pky7Q3fpKiIkQCAtRCBUwB0PaThlx9vebCDSwA==
  dependencies:
    "@babel/helper-get-function-arity" "^7.12.13"
    "@babel/template" "^7.12.13"
    "@babel/types" "^7.12.13"

"@babel/helper-get-function-arity@^7.12.13":
  version "7.12.13"
  resolved "https://registry.npmjs.org/@babel/helper-get-function-arity/-/helper-get-function-arity-7.12.13.tgz#bc63451d403a3b3082b97e1d8b3fe5bd4091e583"
  integrity sha512-DjEVzQNz5LICkzN0REdpD5prGoidvbdYk1BVgRUOINaWJP2t6avB27X1guXK1kXNrX0WMfsrm1A/ZBthYuIMQg==
  dependencies:
    "@babel/types" "^7.12.13"

"@babel/helper-module-imports@^7.0.0":
  version "7.12.13"
  resolved "https://registry.npmjs.org/@babel/helper-module-imports/-/helper-module-imports-7.12.13.tgz#ec67e4404f41750463e455cc3203f6a32e93fcb0"
  integrity sha512-NGmfvRp9Rqxy0uHSSVP+SRIW1q31a7Ji10cLBcqSDUngGentY4FRiHOFZFE1CLU5eiL0oE8reH7Tg1y99TDM/g==
  dependencies:
    "@babel/types" "^7.12.13"

"@babel/helper-split-export-declaration@^7.12.13":
  version "7.12.13"
  resolved "https://registry.npmjs.org/@babel/helper-split-export-declaration/-/helper-split-export-declaration-7.12.13.tgz#e9430be00baf3e88b0e13e6f9d4eaf2136372b05"
  integrity sha512-tCJDltF83htUtXx5NLcaDqRmknv652ZWCHyoTETf1CXYJdPC7nohZohjUgieXhv0hTJdRf2FjDueFehdNucpzg==
  dependencies:
    "@babel/types" "^7.12.13"

"@babel/helper-validator-identifier@^7.12.11":
  version "7.12.11"
  resolved "https://registry.npmjs.org/@babel/helper-validator-identifier/-/helper-validator-identifier-7.12.11.tgz#c9a1f021917dcb5ccf0d4e453e399022981fc9ed"
  integrity sha512-np/lG3uARFybkoHokJUmf1QfEvRVCPbmQeUQpKow5cQ3xWrV9i3rUHodKDJPQfTVX61qKi+UdYk8kik84n7XOw==

"@babel/highlight@^7.12.13":
  version "7.13.8"
  resolved "https://registry.npmjs.org/@babel/highlight/-/highlight-7.13.8.tgz#10b2dac78526424dfc1f47650d0e415dfd9dc481"
  integrity sha512-4vrIhfJyfNf+lCtXC2ck1rKSzDwciqF7IWFhXXrSOUC2O5DrVp+w4c6ed4AllTxhTkUP5x2tYj41VaxdVMMRDw==
  dependencies:
    "@babel/helper-validator-identifier" "^7.12.11"
    chalk "^2.0.0"
    js-tokens "^4.0.0"

"@babel/parser@^7.12.13", "@babel/parser@^7.13.0":
  version "7.13.9"
  resolved "https://registry.npmjs.org/@babel/parser/-/parser-7.13.9.tgz#ca34cb95e1c2dd126863a84465ae8ef66114be99"
  integrity sha512-nEUfRiARCcaVo3ny3ZQjURjHQZUo/JkEw7rLlSZy/psWGnvwXFtPcr6jb7Yb41DVW5LTe6KRq9LGleRNsg1Frw==

"@babel/runtime@^7.10.1", "@babel/runtime@^7.10.2", "@babel/runtime@^7.10.4", "@babel/runtime@^7.11.1", "@babel/runtime@^7.11.2", "@babel/runtime@^7.12.5", "@babel/runtime@^7.8.4":
  version "7.13.9"
  resolved "https://registry.npmjs.org/@babel/runtime/-/runtime-7.13.9.tgz#97dbe2116e2630c489f22e0656decd60aaa1fcee"
  integrity sha512-aY2kU+xgJ3dJ1eU6FMB9EH8dIe8dmusF1xEku52joLvw6eAFN0AI+WxCLDnpev2LEejWBAy2sBvBOBAjI3zmvA==
  dependencies:
    regenerator-runtime "^0.13.4"

"@babel/template@^7.12.13":
  version "7.12.13"
  resolved "https://registry.npmjs.org/@babel/template/-/template-7.12.13.tgz#530265be8a2589dbb37523844c5bcb55947fb327"
  integrity sha512-/7xxiGA57xMo/P2GVvdEumr8ONhFOhfgq2ihK3h1e6THqzTAkHbkXgB0xI9yeTfIUoH3+oAeHhqm/I43OTbbjA==
  dependencies:
    "@babel/code-frame" "^7.12.13"
    "@babel/parser" "^7.12.13"
    "@babel/types" "^7.12.13"

"@babel/traverse@^7.4.5":
  version "7.13.0"
  resolved "https://registry.npmjs.org/@babel/traverse/-/traverse-7.13.0.tgz#6d95752475f86ee7ded06536de309a65fc8966cc"
  integrity sha512-xys5xi5JEhzC3RzEmSGrs/b3pJW/o87SypZ+G/PhaE7uqVQNv/jlmVIBXuoh5atqQ434LfXV+sf23Oxj0bchJQ==
  dependencies:
    "@babel/code-frame" "^7.12.13"
    "@babel/generator" "^7.13.0"
    "@babel/helper-function-name" "^7.12.13"
    "@babel/helper-split-export-declaration" "^7.12.13"
    "@babel/parser" "^7.13.0"
    "@babel/types" "^7.13.0"
    debug "^4.1.0"
    globals "^11.1.0"
    lodash "^4.17.19"

"@babel/types@^7.12.13", "@babel/types@^7.13.0":
  version "7.13.0"
  resolved "https://registry.npmjs.org/@babel/types/-/types-7.13.0.tgz#74424d2816f0171b4100f0ab34e9a374efdf7f80"
  integrity sha512-hE+HE8rnG1Z6Wzo+MhaKE5lM5eMx71T4EHJgku2E3xIfaULhDcxiiRxUYgwX8qwP1BBSlag+TdGOt6JAidIZTA==
  dependencies:
    "@babel/helper-validator-identifier" "^7.12.11"
    lodash "^4.17.19"
    to-fast-properties "^2.0.0"

"@ctrl/tinycolor@^3.4.0":
  version "3.4.0"
  resolved "https://registry.npmjs.org/@ctrl/tinycolor/-/tinycolor-3.4.0.tgz#c3c5ae543c897caa9c2a68630bed355be5f9990f"
  integrity sha512-JZButFdZ1+/xAfpguQHoabIXkcqRRKpMrWKBkpEZZyxfY9C1DpADFB8PEqGSTeFr135SaTRfKqGKx5xSCLI7ZQ==

"@emotion/is-prop-valid@^0.8.8":
  version "0.8.8"
  resolved "https://registry.npmjs.org/@emotion/is-prop-valid/-/is-prop-valid-0.8.8.tgz#db28b1c4368a259b60a97311d6a952d4fd01ac1a"
  integrity sha512-u5WtneEAr5IDG2Wv65yhunPSMLIpuKsbuOktRojfrEiEvRyC85LgPMZI63cr7NUqT8ZIGdSVg8ZKGxIug4lXcA==
  dependencies:
    "@emotion/memoize" "0.7.4"

"@emotion/memoize@0.7.4":
  version "0.7.4"
  resolved "https://registry.npmjs.org/@emotion/memoize/-/memoize-0.7.4.tgz#19bf0f5af19149111c40d98bb0cf82119f5d9eeb"
  integrity sha512-Ja/Vfqe3HpuzRsG1oBtWTHk2PGZ7GR+2Vz5iYGelAw8dx32K0y7PjVuxK6z1nMpZOqAFsRUPCkK1YjJ56qJlgw==

"@emotion/stylis@^0.8.4":
  version "0.8.5"
  resolved "https://registry.npmjs.org/@emotion/stylis/-/stylis-0.8.5.tgz#deacb389bd6ee77d1e7fcaccce9e16c5c7e78e04"
  integrity sha512-h6KtPihKFn3T9fuIrwvXXUOwlx3rfUvfZIcP5a6rh8Y7zjE3O06hT5Ss4S/YI1AYhuZ1kjaE/5EaOOI2NqSylQ==

"@emotion/unitless@^0.7.4":
  version "0.7.5"
  resolved "https://registry.npmjs.org/@emotion/unitless/-/unitless-0.7.5.tgz#77211291c1900a700b8a78cfafda3160d76949ed"
  integrity sha512-OWORNpfjMsSSUBVrRBVGECkhWcULOAJz9ZW8uK9qgxD+87M7jHRcvh/A96XXNhXTLmKcoYSQtBEX7lHMO7YRwg==

"@types/hoist-non-react-statics@*":
  version "3.3.1"
  resolved "https://registry.npmjs.org/@types/hoist-non-react-statics/-/hoist-non-react-statics-3.3.1.tgz#1124aafe5118cb591977aeb1ceaaed1070eb039f"
  integrity sha512-iMIqiko6ooLrTh1joXodJK5X9xeEALT1kM5G3ZLhD3hszxBdIEd5C75U834D9mLcINgD4OyZf5uQXjkuYydWvA==
  dependencies:
    "@types/react" "*"
    hoist-non-react-statics "^3.3.0"

"@types/prop-types@*":
  version "15.7.3"
  resolved "https://registry.npmjs.org/@types/prop-types/-/prop-types-15.7.3.tgz#2ab0d5da2e5815f94b0b9d4b95d1e5f243ab2ca7"
  integrity sha512-KfRL3PuHmqQLOG+2tGpRO26Ctg+Cq1E01D2DMriKEATHgWLfeNDmq9e29Q9WIky0dQ3NPkd1mzYH8Lm936Z9qw==

"@types/react-dom@^17.0.0":
  version "17.0.1"
  resolved "https://registry.npmjs.org/@types/react-dom/-/react-dom-17.0.1.tgz#d92d77d020bfb083e07cc8e0ac9f933599a4d56a"
  integrity sha512-yIVyopxQb8IDZ7SOHeTovurFq+fXiPICa+GV3gp0Xedsl+MwQlMLKmvrnEjFbQxjliH5YVAEWFh975eVNmKj7Q==
  dependencies:
    "@types/react" "*"

"@types/react@*", "@types/react@^17.0.0":
  version "17.0.2"
  resolved "https://registry.npmjs.org/@types/react/-/react-17.0.2.tgz#3de24c4efef902dd9795a49c75f760cbe4f7a5a8"
  integrity sha512-Xt40xQsrkdvjn1EyWe1Bc0dJLcil/9x2vAuW7ya+PuQip4UYUaXyhzWmAbwRsdMgwOFHpfp7/FFZebDU6Y8VHA==
  dependencies:
    "@types/prop-types" "*"
    csstype "^3.0.2"

"@types/styled-components@^5.1.7":
  version "5.1.7"
  resolved "https://registry.npmjs.org/@types/styled-components/-/styled-components-5.1.7.tgz#3cd10b088c1cb1acde2e4b166b3e8275a3083710"
  integrity sha512-BJzPhFygYspyefAGFZTZ/8lCEY4Tk+Iqktvnko3xmJf9LrLqs3+grxPeU3O0zLl6yjbYBopD0/VikbHgXDbJtA==
  dependencies:
    "@types/hoist-non-react-statics" "*"
    "@types/react" "*"
    csstype "^3.0.2"

ansi-styles@^3.2.1:
  version "3.2.1"
  resolved "https://registry.npmjs.org/ansi-styles/-/ansi-styles-3.2.1.tgz#41fbb20243e50b12be0f04b8dedbf07520ce841d"
  integrity sha512-VT0ZI6kZRdTh8YyJw3SMbYm/u+NqfsAxEpWO0Pf9sq8/e94WxxOpPKx9FR1FlyCtOVDNOQ+8ntlqFxiRc+r5qA==
  dependencies:
    color-convert "^1.9.0"

antd@^4.13.0:
  version "4.13.0"
  resolved "https://registry.npmjs.org/antd/-/antd-4.13.0.tgz#3a3aab5cb35774de2194c3baf8a786a3627d9c5a"
  integrity sha512-+lwc8QmBh4g3VxXeIiMUTXc2u2HeKUC2RKUyK2mUBtOBmT8aqs/oEDdj7g146vQk2M/WHnqNo4cfBlDQk5rbMg==
  dependencies:
    "@ant-design/colors" "^6.0.0"
    "@ant-design/icons" "^4.5.0"
    "@ant-design/react-slick" "~0.28.1"
    "@babel/runtime" "^7.12.5"
    array-tree-filter "^2.1.0"
    classnames "^2.2.6"
    copy-to-clipboard "^3.2.0"
    lodash "^4.17.20"
    moment "^2.25.3"
    rc-cascader "~1.4.0"
    rc-checkbox "~2.3.0"
    rc-collapse "~3.1.0"
    rc-dialog "~8.5.1"
    rc-drawer "~4.3.0"
    rc-dropdown "~3.2.0"
    rc-field-form "~1.19.0"
    rc-image "~5.2.3"
    rc-input-number "~7.0.0-alpha.4"
    rc-mentions "~1.5.0"
    rc-menu "~8.10.0"
    rc-motion "^2.4.0"
    rc-notification "~4.5.2"
    rc-pagination "~3.1.2"
    rc-picker "~2.5.1"
    rc-progress "~3.1.0"
    rc-rate "~2.9.0"
    rc-resize-observer "^1.0.0"
    rc-select "~12.1.0"
    rc-slider "~9.7.1"
    rc-steps "~4.1.0"
    rc-switch "~3.2.0"
    rc-table "~7.13.0"
    rc-tabs "~11.7.0"
    rc-textarea "~0.3.0"
    rc-tooltip "~5.0.0"
    rc-tree "~4.1.0"
    rc-tree-select "~4.3.0"
    rc-trigger "^5.2.1"
    rc-upload "~4.0.0-alpha.6"
    rc-util "^5.8.1"
    scroll-into-view-if-needed "^2.2.25"
    warning "^4.0.3"

array-tree-filter@^2.1.0:
  version "2.1.0"
  resolved "https://registry.npmjs.org/array-tree-filter/-/array-tree-filter-2.1.0.tgz#873ac00fec83749f255ac8dd083814b4f6329190"
  integrity sha512-4ROwICNlNw/Hqa9v+rk5h22KjmzB1JGTMVKP2AKJBOCgb0yL0ASf0+YvCcLNNwquOHNX48jkeZIJ3a+oOQqKcw==

async-validator@^3.0.3:
  version "3.5.1"
  resolved "https://registry.npmjs.org/async-validator/-/async-validator-3.5.1.tgz#cd62b9688b2465f48420e27adb47760ab1b5559f"
  integrity sha512-DDmKA7sdSAJtTVeNZHrnr2yojfFaoeW8MfQN8CeuXg8DDQHTqKk9Fdv38dSvnesHoO8MUwMI2HphOeSyIF+wmQ==

"babel-plugin-styled-components@>= 1":
  version "1.12.0"
  resolved "https://registry.npmjs.org/babel-plugin-styled-components/-/babel-plugin-styled-components-1.12.0.tgz#1dec1676512177de6b827211e9eda5a30db4f9b9"
  integrity sha512-FEiD7l5ZABdJPpLssKXjBUJMYqzbcNzBowfXDCdJhOpbhWiewapUaY+LZGT8R4Jg2TwOjGjG4RKeyrO5p9sBkA==
  dependencies:
    "@babel/helper-annotate-as-pure" "^7.0.0"
    "@babel/helper-module-imports" "^7.0.0"
    babel-plugin-syntax-jsx "^6.18.0"
    lodash "^4.17.11"

babel-plugin-syntax-jsx@^6.18.0:
  version "6.18.0"
  resolved "https://registry.npmjs.org/babel-plugin-syntax-jsx/-/babel-plugin-syntax-jsx-6.18.0.tgz#0af32a9a6e13ca7a3fd5069e62d7b0f58d0d8946"
  integrity sha1-CvMqmm4Tyno/1QaeYtew9Y0NiUY=

camelize@^1.0.0:
  version "1.0.0"
  resolved "https://registry.npmjs.org/camelize/-/camelize-1.0.0.tgz#164a5483e630fa4321e5af07020e531831b2609b"
  integrity sha1-FkpUg+Yw+kMh5a8HAg5TGDGyYJs=

chalk@^2.0.0:
  version "2.4.2"
  resolved "https://registry.npmjs.org/chalk/-/chalk-2.4.2.tgz#cd42541677a54333cf541a49108c1432b44c9424"
  integrity sha512-Mti+f9lpJNcwF4tWV8/OrTTtF1gZi+f8FqlyAdouralcFWFQWF2+NgCHShjkCb+IFBLq9buZwE1xckQU4peSuQ==
  dependencies:
    ansi-styles "^3.2.1"
    escape-string-regexp "^1.0.5"
    supports-color "^5.3.0"

classnames@2.x, classnames@^2.2.1, classnames@^2.2.3, classnames@^2.2.5, classnames@^2.2.6:
  version "2.2.6"
  resolved "https://registry.npmjs.org/classnames/-/classnames-2.2.6.tgz#43935bffdd291f326dad0a205309b38d00f650ce"
  integrity sha512-JR/iSQOSt+LQIWwrwEzJ9uk0xfN3mTVYMwt1Ir5mUcSN6pU+V4zQFFaJsclJbPuAUQH+yfWef6tm7l1quW3C8Q==

color-convert@^1.9.0:
  version "1.9.3"
  resolved "https://registry.npmjs.org/color-convert/-/color-convert-1.9.3.tgz#bb71850690e1f136567de629d2d5471deda4c1e8"
  integrity sha512-QfAUtd+vFdAtFQcC8CCyYt1fYWxSqAiK2cSD6zDB8N3cpsEBAvRxp9zOGg6G/SHHJYAT88/az/IuDGALsNVbGg==
  dependencies:
    color-name "1.1.3"

color-name@1.1.3:
  version "1.1.3"
  resolved "https://registry.npmjs.org/color-name/-/color-name-1.1.3.tgz#a7d0558bd89c42f795dd42328f740831ca53bc25"
  integrity sha1-p9BVi9icQveV3UIyj3QIMcpTvCU=

compute-scroll-into-view@^1.0.16:
  version "1.0.17"
  resolved "https://registry.npmjs.org/compute-scroll-into-view/-/compute-scroll-into-view-1.0.17.tgz#6a88f18acd9d42e9cf4baa6bec7e0522607ab7ab"
  integrity sha512-j4dx+Fb0URmzbwwMUrhqWM2BEWHdFGx+qZ9qqASHRPqvTYdqvWnHg0H1hIbcyLnvgnoNAVMlwkepyqM3DaIFUg==

copy-to-clipboard@^3.2.0:
  version "3.3.1"
  resolved "https://registry.npmjs.org/copy-to-clipboard/-/copy-to-clipboard-3.3.1.tgz#115aa1a9998ffab6196f93076ad6da3b913662ae"
  integrity sha512-i13qo6kIHTTpCm8/Wup+0b1mVWETvu2kIMzKoK8FpkLkFxlt0znUAHcMzox+T8sPlqtZXq3CulEjQHsYiGFJUw==
  dependencies:
    toggle-selection "^1.0.6"

css-color-keywords@^1.0.0:
  version "1.0.0"
  resolved "https://registry.npmjs.org/css-color-keywords/-/css-color-keywords-1.0.0.tgz#fea2616dc676b2962686b3af8dbdbe180b244e05"
  integrity sha1-/qJhbcZ2spYmhrOvjb2+GAskTgU=

css-to-react-native@^3.0.0:
  version "3.0.0"
  resolved "https://registry.npmjs.org/css-to-react-native/-/css-to-react-native-3.0.0.tgz#62dbe678072a824a689bcfee011fc96e02a7d756"
  integrity sha512-Ro1yETZA813eoyUp2GDBhG2j+YggidUmzO1/v9eYBKR2EHVEniE2MI/NqpTQ954BMpTPZFsGNPm46qFB9dpaPQ==
  dependencies:
    camelize "^1.0.0"
    css-color-keywords "^1.0.0"
    postcss-value-parser "^4.0.2"

csstype@^3.0.2:
  version "3.0.7"
  resolved "https://registry.npmjs.org/csstype/-/csstype-3.0.7.tgz#2a5fb75e1015e84dd15692f71e89a1450290950b"
  integrity sha512-KxnUB0ZMlnUWCsx2Z8MUsr6qV6ja1w9ArPErJaJaF8a5SOWoHLIszeCTKGRGRgtLgYrs1E8CHkNSP1VZTTPc9g==

date-fns@^2.15.0:
  version "2.18.0"
  resolved "https://registry.npmjs.org/date-fns/-/date-fns-2.18.0.tgz#08e50aee300ad0d2c5e054e3f0d10d8f9cdfe09e"
  integrity sha512-NYyAg4wRmGVU4miKq5ivRACOODdZRY3q5WLmOJSq8djyzftYphU7dTHLcEtLqEvfqMKQ0jVv91P4BAwIjsXIcw==

debug@^4.1.0:
  version "4.3.1"
  resolved "https://registry.npmjs.org/debug/-/debug-4.3.1.tgz#f0d229c505e0c6d8c49ac553d1b13dc183f6b2ee"
  integrity sha512-doEwdvm4PCeK4K3RQN2ZC2BYUBaxwLARCqZmMjtF8a51J2Rb0xpVloFRnCODwqjpwnAoao4pelN8l3RJdv3gRQ==
  dependencies:
    ms "2.1.2"

dom-align@^1.7.0:
  version "1.12.0"
  resolved "https://registry.npmjs.org/dom-align/-/dom-align-1.12.0.tgz#56fb7156df0b91099830364d2d48f88963f5a29c"
  integrity sha512-YkoezQuhp3SLFGdOlr5xkqZ640iXrnHAwVYcDg8ZKRUtO7mSzSC2BA5V0VuyAwPSJA4CLIc6EDDJh4bEsD2+zA==

escape-string-regexp@^1.0.5:
  version "1.0.5"
  resolved "https://registry.npmjs.org/escape-string-regexp/-/escape-string-regexp-1.0.5.tgz#1b61c0562190a8dff6ae3bb2cf0200ca130b86d4"
  integrity sha1-G2HAViGQqN/2rjuyzwIAyhMLhtQ=

globals@^11.1.0:
  version "11.12.0"
  resolved "https://registry.npmjs.org/globals/-/globals-11.12.0.tgz#ab8795338868a0babd8525758018c2a7eb95c42e"
  integrity sha512-WOBp/EEGUiIsJSp7wcv/y6MO+lV9UoncWqxuFfm8eBwzWNgyfBd6Gz+IeKQ9jCmyhoH99g15M3T+QaVHFjizVA==

has-flag@^3.0.0:
  version "3.0.0"
  resolved "https://registry.npmjs.org/has-flag/-/has-flag-3.0.0.tgz#b5d454dc2199ae225699f3467e5a07f3b955bafd"
  integrity sha1-tdRU3CGZriJWmfNGfloH87lVuv0=

hoist-non-react-statics@^3.0.0, hoist-non-react-statics@^3.3.0, hoist-non-react-statics@^3.3.2:
  version "3.3.2"
  resolved "https://registry.npmjs.org/hoist-non-react-statics/-/hoist-non-react-statics-3.3.2.tgz#ece0acaf71d62c2969c2ec59feff42a4b1a85b45"
  integrity sha512-/gGivxi8JPKWNm/W0jSmzcMPpfpPLc3dY/6GxhX2hQ9iGj3aDfklV4ET7NjKpSinLpJ5vafa9iiGIEZg10SfBw==
  dependencies:
    react-is "^16.7.0"

insert-css@^2.0.0:
  version "2.0.0"
  resolved "https://registry.npmjs.org/insert-css/-/insert-css-2.0.0.tgz#eb5d1097b7542f4c79ea3060d3aee07d053880f4"
  integrity sha1-610Ql7dUL0x56jBg067gfQU4gPQ=

"js-tokens@^3.0.0 || ^4.0.0", js-tokens@^4.0.0:
  version "4.0.0"
  resolved "https://registry.npmjs.org/js-tokens/-/js-tokens-4.0.0.tgz#19203fb59991df98e3a287050d4647cdeaf32499"
  integrity sha512-RdJUflcE3cUzKiMqQgsCu06FPu9UdIJO0beYbPhHN4k6apgJtifcoCtT9bcxOpYBtpD2kCM6Sbzg4CausW/PKQ==

jsesc@^2.5.1:
  version "2.5.2"
  resolved "https://registry.npmjs.org/jsesc/-/jsesc-2.5.2.tgz#80564d2e483dacf6e8ef209650a67df3f0c283a4"
  integrity sha512-OYu7XEzjkCQ3C5Ps3QIZsQfNpqoJyZZA99wd9aWd05NCtC5pWOkShK2mkL6HXQR6/Cy2lbNdPlZBpuQHXE63gA==

json2mq@^0.2.0:
  version "0.2.0"
  resolved "https://registry.npmjs.org/json2mq/-/json2mq-0.2.0.tgz#b637bd3ba9eabe122c83e9720483aeb10d2c904a"
  integrity sha1-tje9O6nqvhIsg+lyBIOusQ0skEo=
  dependencies:
    string-convert "^0.2.0"

lodash@^4.17.11, lodash@^4.17.15, lodash@^4.17.19, lodash@^4.17.20:
  version "4.17.21"
  resolved "https://registry.npmjs.org/lodash/-/lodash-4.17.21.tgz#679591c564c3bffaae8454cf0b3df370c3d6911c"
  integrity sha512-v2kDEe57lecTulaDIuNTPy3Ry4gLGJ6Z1O3vE1krgXZNrsQ+LFTGHVxVjcXPs17LhbZVGedAJv8XZ1tvj5FvSg==

loose-envify@^1.0.0, loose-envify@^1.1.0:
  version "1.4.0"
  resolved "https://registry.npmjs.org/loose-envify/-/loose-envify-1.4.0.tgz#71ee51fa7be4caec1a63839f7e682d8132d30caf"
  integrity sha512-lyuxPGr/Wfhrlem2CL/UcnUc1zcqKAImBDzukY7Y5F/yQiNdko6+fRLevlw1HgMySw7f611UIY408EtxRSoK3Q==
  dependencies:
    js-tokens "^3.0.0 || ^4.0.0"

mini-store@^3.0.1:
  version "3.0.6"
  resolved "https://registry.npmjs.org/mini-store/-/mini-store-3.0.6.tgz#44b86be5b2877271224ce0689b3a35a2dffb1ca9"
  integrity sha512-YzffKHbYsMQGUWQRKdsearR79QsMzzJcDDmZKlJBqt5JNkqpyJHYlK6gP61O36X+sLf76sO9G6mhKBe83gIZIQ==
  dependencies:
    hoist-non-react-statics "^3.3.2"
    shallowequal "^1.0.2"

moment@^2.24.0, moment@^2.25.3:
  version "2.29.1"
  resolved "https://registry.npmjs.org/moment/-/moment-2.29.1.tgz#b2be769fa31940be9eeea6469c075e35006fa3d3"
  integrity sha512-kHmoybcPV8Sqy59DwNDY3Jefr64lK/by/da0ViFcuA4DH0vQg5Q6Ze5VimxkfQNSC+Mls/Kx53s7TjP1RhFEDQ==

ms@2.1.2:
  version "2.1.2"
  resolved "https://registry.npmjs.org/ms/-/ms-2.1.2.tgz#d09d1f357b443f493382a8eb3ccd183872ae6009"
  integrity sha512-sGkPx+VjMtmA6MX27oA4FBFELFCZZ4S4XqeGOXCv68tT+jb3vk/RyaKWP0PTKyWtmLSM0b+adUTEvbs1PEaH2w==

object-assign@^4.1.1:
  version "4.1.1"
  resolved "https://registry.npmjs.org/object-assign/-/object-assign-4.1.1.tgz#2109adc7965887cfc05cbbd442cac8bfbb360863"
  integrity sha1-IQmtx5ZYh8/AXLvUQsrIv7s2CGM=

postcss-value-parser@^4.0.2:
  version "4.1.0"
  resolved "https://registry.npmjs.org/postcss-value-parser/-/postcss-value-parser-4.1.0.tgz#443f6a20ced6481a2bda4fa8532a6e55d789a2cb"
  integrity sha512-97DXOFbQJhk71ne5/Mt6cOu6yxsSfM0QGQyl0L25Gca4yGWEGJaig7l7gbCX623VqTBNGLRLaVUCnNkcedlRSQ==

rc-align@^4.0.0:
  version "4.0.9"
  resolved "https://registry.npmjs.org/rc-align/-/rc-align-4.0.9.tgz#46d8801c4a139ff6a65ad1674e8efceac98f85f2"
  integrity sha512-myAM2R4qoB6LqBul0leaqY8gFaiECDJ3MtQDmzDo9xM9NRT/04TvWOYd2YHU9zvGzqk9QXF6S9/MifzSKDZeMw==
  dependencies:
    "@babel/runtime" "^7.10.1"
    classnames "2.x"
    dom-align "^1.7.0"
    rc-util "^5.3.0"
    resize-observer-polyfill "^1.5.1"

rc-cascader@~1.4.0:
  version "1.4.2"
  resolved "https://registry.npmjs.org/rc-cascader/-/rc-cascader-1.4.2.tgz#caa81098e3ef4d5f823f9156f6d8d6dbd6321afa"
  integrity sha512-JVuLGrSi+3G8DZyPvlKlGVWJjhoi9NTz6REHIgRspa5WnznRkKGm2ejb0jJtz0m2IL8Q9BG4ZA2sXuqAu71ltQ==
  dependencies:
    "@babel/runtime" "^7.12.5"
    array-tree-filter "^2.1.0"
    rc-trigger "^5.0.4"
    rc-util "^5.0.1"
    warning "^4.0.1"

rc-checkbox@~2.3.0:
  version "2.3.2"
  resolved "https://registry.npmjs.org/rc-checkbox/-/rc-checkbox-2.3.2.tgz#f91b3678c7edb2baa8121c9483c664fa6f0aefc1"
  integrity sha512-afVi1FYiGv1U0JlpNH/UaEXdh6WUJjcWokj/nUN2TgG80bfG+MDdbfHKlLcNNba94mbjy2/SXJ1HDgrOkXGAjg==
  dependencies:
    "@babel/runtime" "^7.10.1"
    classnames "^2.2.1"

rc-collapse@~3.1.0:
  version "3.1.0"
  resolved "https://registry.npmjs.org/rc-collapse/-/rc-collapse-3.1.0.tgz#4ce5e612568c5fbeaf368cc39214471c1461a1a1"
  integrity sha512-EwpNPJcLe7b+5JfyaxM9ZNnkCgqArt3QQO0Cr5p5plwz/C9h8liAmjYY5I4+hl9lAjBqb7ZwLu94+z+rt5g1WQ==
  dependencies:
    "@babel/runtime" "^7.10.1"
    classnames "2.x"
    rc-motion "^2.3.4"
    rc-util "^5.2.1"
    shallowequal "^1.1.0"

rc-dialog@~8.5.0, rc-dialog@~8.5.1:
  version "8.5.1"
  resolved "https://registry.npmjs.org/rc-dialog/-/rc-dialog-8.5.1.tgz#df316dd93e1685d7df1f5e4164ee35cba4a9af88"
  integrity sha512-EcLgHHjF3Jp4C+TFceO2j7gIrpx0YIhY6ronki5QJDL/z+qWYozY5RNh4rnv4a6R21SPVhV+SK+gMMlMHZ/YRQ==
  dependencies:
    "@babel/runtime" "^7.10.1"
    classnames "^2.2.6"
    rc-motion "^2.3.0"
    rc-util "^5.6.1"

rc-drawer@~4.3.0:
  version "4.3.1"
  resolved "https://registry.npmjs.org/rc-drawer/-/rc-drawer-4.3.1.tgz#356333a7af01b777abd685c96c2ce62efb44f3f3"
  integrity sha512-GMfFy4maqxS9faYXEhQ+0cA1xtkddEQzraf6SAdzWbn444DrrLogwYPk1NXSpdXjLCLxgxOj9MYtyYG42JsfXg==
  dependencies:
    "@babel/runtime" "^7.10.1"
    classnames "^2.2.6"
    rc-util "^5.7.0"

rc-dropdown@^3.1.3, rc-dropdown@~3.2.0:
  version "3.2.0"
  resolved "https://registry.npmjs.org/rc-dropdown/-/rc-dropdown-3.2.0.tgz#da6c2ada403842baee3a9e909a0b1a91ba3e1090"
  integrity sha512-j1HSw+/QqlhxyTEF6BArVZnTmezw2LnSmRk6I9W7BCqNCKaRwleRmMMs1PHbuaG8dKHVqP6e21RQ7vPBLVnnNw==
  dependencies:
    "@babel/runtime" "^7.10.1"
    classnames "^2.2.6"
    rc-trigger "^5.0.4"

rc-field-form@~1.19.0:
  version "1.19.0"
  resolved "https://registry.npmjs.org/rc-field-form/-/rc-field-form-1.19.0.tgz#2e69862d70f2196c30af503601d25098c5db5f20"
  integrity sha512-FZFyE6FmhR4xGO3MVo86J2sHIM6t/W4UqN94nVqZC/9PLhzSaKuM0i9UfwFMtuENP2hxFANEQZMBrD/2Zd43pg==
  dependencies:
    "@babel/runtime" "^7.8.4"
    async-validator "^3.0.3"
    rc-util "^5.8.0"

rc-image@~5.2.3:
  version "5.2.3"
  resolved "https://registry.npmjs.org/rc-image/-/rc-image-5.2.3.tgz#ef0b6a22df012d0b1467e5580d1b7347cf4aacda"
  integrity sha512-8qWNerW1rN0s4zAF6oEa+Zm7UzM+PwTxbGdufvnR3Gcp2M0bcfoEPk9V+RgTxmzGNNELxmrMHloPL4LV5BZu3Q==
  dependencies:
    "@babel/runtime" "^7.11.2"
    classnames "^2.2.6"
    rc-dialog "~8.5.0"
    rc-util "^5.0.6"

rc-input-number@~7.0.0-alpha.4:
  version "7.0.0"
  resolved "https://registry.npmjs.org/rc-input-number/-/rc-input-number-7.0.0.tgz#f04a59f9158343436b736cf2c2afe532d9630678"
  integrity sha512-79ZAKz1OE7RTlfrSOhe/jAifFoMsKQ/u9M8qw5PLzEO2FGthtFcxoQTCTs5WPjs9tElG5HPG/YCP5Ugb3XRGEA==
  dependencies:
    "@babel/runtime" "^7.10.1"
    classnames "^2.2.5"
    rc-util "^5.0.1"

rc-mentions@~1.5.0:
  version "1.5.3"
  resolved "https://registry.npmjs.org/rc-mentions/-/rc-mentions-1.5.3.tgz#b92bebadf8ad9fb3586ba1af922d63b49d991c67"
  integrity sha512-NG/KB8YiKBCJPHHvr/QapAb4f9YzLJn7kDHtmI1K6t7ZMM5YgrjIxNNhoRKKP9zJvb9PdPts69Hbg4ZMvLVIFQ==
  dependencies:
    "@babel/runtime" "^7.10.1"
    classnames "^2.2.6"
    rc-menu "^8.0.1"
    rc-textarea "^0.3.0"
    rc-trigger "^5.0.4"
    rc-util "^5.0.1"

rc-menu@^8.0.1, rc-menu@^8.6.1, rc-menu@~8.10.0:
  version "8.10.6"
  resolved "https://registry.npmjs.org/rc-menu/-/rc-menu-8.10.6.tgz#34cb9e4247fe56fd24d12bc785afb94128a3b45d"
  integrity sha512-RVkd8XChwSmVOdNULbqLNnABthRZWnhqct1Q74onEXTClsXvsLADMhlIJtw/umglVSECM+14TJdIli9rl2Bzlw==
  dependencies:
    "@babel/runtime" "^7.10.1"
    classnames "2.x"
    mini-store "^3.0.1"
    rc-motion "^2.0.1"
    rc-trigger "^5.1.2"
    rc-util "^5.7.0"
    resize-observer-polyfill "^1.5.0"
    shallowequal "^1.1.0"

rc-motion@^2.0.0, rc-motion@^2.0.1, rc-motion@^2.2.0, rc-motion@^2.3.0, rc-motion@^2.3.4, rc-motion@^2.4.0:
  version "2.4.1"
  resolved "https://registry.npmjs.org/rc-motion/-/rc-motion-2.4.1.tgz#323f47c8635e6b2bc0cba2dfad25fc415b58e1dc"
  integrity sha512-TWLvymfMu8SngPx5MDH8dQ0D2RYbluNTfam4hY/dNNx9RQ3WtGuZ/GXHi2ymLMzH+UNd6EEFYkOuR5JTTtm8Xg==
  dependencies:
    "@babel/runtime" "^7.11.1"
    classnames "^2.2.1"
    rc-util "^5.2.1"

rc-notification@~4.5.2:
  version "4.5.5"
  resolved "https://registry.npmjs.org/rc-notification/-/rc-notification-4.5.5.tgz#9660a495d5f20bd677686e4f7fc00e4f0c1a3849"
  integrity sha512-YIfhTSw+h5GsSdgMnuMx24wqiPlg3FeamuOlkh9RkyHx+SeZVAKzQ0juy2NGvPEF2hDWi5xTqxUqLdo0L2AmGg==
  dependencies:
    "@babel/runtime" "^7.10.1"
    classnames "2.x"
    rc-motion "^2.2.0"
    rc-util "^5.0.1"

rc-overflow@^1.0.0:
  version "1.0.2"
  resolved "https://registry.npmjs.org/rc-overflow/-/rc-overflow-1.0.2.tgz#f56bcd920029979989f576d55084b81f9632c19c"
  integrity sha512-GXj4DAyNxm4f57LvXLwhJaZoJHzSge2l2lQq64MZP7NJAfLpQqOLD+v9JMV9ONTvDPZe8kdzR+UMmkAn7qlzFA==
  dependencies:
    "@babel/runtime" "^7.11.1"
    classnames "^2.2.1"
    rc-resize-observer "^1.0.0"
    rc-util "^5.5.1"

rc-pagination@~3.1.2:
  version "3.1.3"
  resolved "https://registry.npmjs.org/rc-pagination/-/rc-pagination-3.1.3.tgz#afd779839fefab2cb14248d5e7b74027960bb48b"
  integrity sha512-Z7CdC4xGkedfAwcUHPtfqNhYwVyDgkmhkvfsmoByCOwAd89p42t5O5T3ORar1wRmVWf3jxk/Bf4k0atenNvlFA==
  dependencies:
    "@babel/runtime" "^7.10.1"
    classnames "^2.2.1"

rc-picker@~2.5.1:
  version "2.5.7"
  resolved "https://registry.npmjs.org/rc-picker/-/rc-picker-2.5.7.tgz#b62353a423194a5a60dc7129fed69dad651c033e"
  integrity sha512-b5ZWCKds1u4H9fP0EpJ8YUX16VhueK6E7TxgK+rRjpbKwI1bOUy59F/OkUXjdACJdDmbsDMDZogpW7KzoqtzvA==
  dependencies:
    "@babel/runtime" "^7.10.1"
    classnames "^2.2.1"
    date-fns "^2.15.0"
    moment "^2.24.0"
    rc-trigger "^5.0.4"
    rc-util "^5.4.0"
    shallowequal "^1.1.0"

rc-progress@~3.1.0:
  version "3.1.3"
  resolved "https://registry.npmjs.org/rc-progress/-/rc-progress-3.1.3.tgz#d77d8fd26d9d948d72c2a28b64b71a6e86df2426"
  integrity sha512-Jl4fzbBExHYMoC6HBPzel0a9VmhcSXx24LVt/mdhDM90MuzoMCJjXZAlhA0V0CJi+SKjMhfBoIQ6Lla1nD4QNw==
  dependencies:
    "@babel/runtime" "^7.10.1"
    classnames "^2.2.6"

rc-rate@~2.9.0:
  version "2.9.1"
  resolved "https://registry.npmjs.org/rc-rate/-/rc-rate-2.9.1.tgz#e43cb95c4eb90a2c1e0b16ec6614d8c43530a731"
  integrity sha512-MmIU7FT8W4LYRRHJD1sgG366qKtSaKb67D0/vVvJYR0lrCuRrCiVQ5qhfT5ghVO4wuVIORGpZs7ZKaYu+KMUzA==
  dependencies:
    "@babel/runtime" "^7.10.1"
    classnames "^2.2.5"
    rc-util "^5.0.1"

rc-resize-observer@^1.0.0:
  version "1.0.0"
  resolved "https://registry.npmjs.org/rc-resize-observer/-/rc-resize-observer-1.0.0.tgz#97fb89856f62fec32ab6e40933935cf58e2e102d"
  integrity sha512-RgKGukg1mlzyGdvzF7o/LGFC8AeoMH9aGzXTUdp6m+OApvmRdUuOscq/Y2O45cJA+rXt1ApWlpFoOIioXL3AGg==
  dependencies:
    "@babel/runtime" "^7.10.1"
    classnames "^2.2.1"
    rc-util "^5.0.0"
    resize-observer-polyfill "^1.5.1"

rc-select@^12.0.0, rc-select@~12.1.0:
  version "12.1.5"
  resolved "https://registry.npmjs.org/rc-select/-/rc-select-12.1.5.tgz#09fa379ad3de9d142ddb30471dcef8eec6431ff6"
  integrity sha512-UElTMw0+XvYJmVfsHTWvLR42RKNf5qyN3Ed/JfuZQceIPK1/3ugGRjdEOKBsPmPyNB5389NAROCV4tQd9fmqwg==
  dependencies:
    "@babel/runtime" "^7.10.1"
    classnames "2.x"
    rc-motion "^2.0.1"
    rc-overflow "^1.0.0"
    rc-trigger "^5.0.4"
    rc-util "^5.0.1"
    rc-virtual-list "^3.2.0"

rc-slider@~9.7.1:
  version "9.7.1"
  resolved "https://registry.npmjs.org/rc-slider/-/rc-slider-9.7.1.tgz#63535177a74a3ee44f090909e8c6f98426eb9dba"
  integrity sha512-r9r0dpFA3PEvxBhIfVi1lVzxuSogWxeY+tGvi2AqMM1rPgaOXQ7WbtT+9kVFkJ9K8TntA/vYPgiCCKfN29KTkw==
  dependencies:
    "@babel/runtime" "^7.10.1"
    classnames "^2.2.5"
    rc-tooltip "^5.0.1"
    rc-util "^5.0.0"
    shallowequal "^1.1.0"

rc-steps@~4.1.0:
  version "4.1.3"
  resolved "https://registry.npmjs.org/rc-steps/-/rc-steps-4.1.3.tgz#208580e22db619e3830ddb7fa41bc886c65d9803"
  integrity sha512-GXrMfWQOhN3sVze3JnzNboHpQdNHcdFubOETUHyDpa/U3HEKBZC3xJ8XK4paBgF4OJ3bdUVLC+uBPc6dCxvDYA==
  dependencies:
    "@babel/runtime" "^7.10.2"
    classnames "^2.2.3"
    rc-util "^5.0.1"

rc-switch@~3.2.0:
  version "3.2.2"
  resolved "https://registry.npmjs.org/rc-switch/-/rc-switch-3.2.2.tgz#d001f77f12664d52595b4f6fb425dd9e66fba8e8"
  integrity sha512-+gUJClsZZzvAHGy1vZfnwySxj+MjLlGRyXKXScrtCTcmiYNPzxDFOxdQ/3pK1Kt/0POvwJ/6ALOR8gwdXGhs+A==
  dependencies:
    "@babel/runtime" "^7.10.1"
    classnames "^2.2.1"
    rc-util "^5.0.1"

rc-table@~7.13.0:
  version "7.13.1"
  resolved "https://registry.npmjs.org/rc-table/-/rc-table-7.13.1.tgz#25ca6c4f8f62582f5607c5061c3aa4cd634b8009"
  integrity sha512-zg2ldSRHj1ENGsSykSKV5axnWkSaaly+wjRcD1Bspx4WHrf3m/I1WYjpVvOeer2e06bfKb6lmkK0HLxQ1cZtsg==
  dependencies:
    "@babel/runtime" "^7.10.1"
    classnames "^2.2.5"
    rc-resize-observer "^1.0.0"
    rc-util "^5.4.0"
    shallowequal "^1.1.0"

rc-tabs@~11.7.0:
  version "11.7.3"
  resolved "https://registry.npmjs.org/rc-tabs/-/rc-tabs-11.7.3.tgz#32a30e59c6992d60fb58115ba0bf2652b337ed43"
  integrity sha512-5nd2NVss9TprPRV9r8N05SjQyAE7zDrLejxFLcbJ+BdLxSwnGnk3ws/Iq0smqKZUnPQC0XEvnpF3+zlllUUT2w==
  dependencies:
    "@babel/runtime" "^7.11.2"
    classnames "2.x"
    rc-dropdown "^3.1.3"
    rc-menu "^8.6.1"
    rc-resize-observer "^1.0.0"
    rc-util "^5.5.0"

rc-textarea@^0.3.0, rc-textarea@~0.3.0:
  version "0.3.4"
  resolved "https://registry.npmjs.org/rc-textarea/-/rc-textarea-0.3.4.tgz#1408a64c87b5e76db5c847699ef9ab5ee97dd6f9"
  integrity sha512-ILUYx831ZukQPv3m7R4RGRtVVWmL1LV4ME03L22mvT56US0DGCJJaRTHs4vmpcSjFHItph5OTmhodY4BOwy81A==
  dependencies:
    "@babel/runtime" "^7.10.1"
    classnames "^2.2.1"
    rc-resize-observer "^1.0.0"
    rc-util "^5.7.0"

rc-tooltip@^5.0.1:
  version "5.1.0"
  resolved "https://registry.npmjs.org/rc-tooltip/-/rc-tooltip-5.1.0.tgz#abb453c463c31a705aa01d268279f4ae6ae3b15f"
  integrity sha512-pFqD1JZwNIpbdcefB7k5xREoHAWM/k3yQwYF0iminbmDXERgq4rvBfUwIvlCqqZSM7HDr9hYeYr6ZsVNaKtvCQ==
  dependencies:
    "@babel/runtime" "^7.11.2"
    rc-trigger "^5.0.0"

rc-tooltip@~5.0.0:
  version "5.0.2"
  resolved "https://registry.npmjs.org/rc-tooltip/-/rc-tooltip-5.0.2.tgz#e48258fc9931bd9281102b2d9eacc5b986cf3258"
  integrity sha512-A4FejSG56PzYtSNUU4H1pVzfhtkV/+qMT2clK0CsSj+9mbc4USEtpWeX6A/jjVL+goBOMKj8qlH7BCZmZWh/Nw==
  dependencies:
    "@babel/runtime" "^7.11.2"
    rc-trigger "^5.0.0"

rc-tree-select@~4.3.0:
  version "4.3.0"
  resolved "https://registry.npmjs.org/rc-tree-select/-/rc-tree-select-4.3.0.tgz#714a4fe658aa73f2a7b0aa4bd6e43be63194a6ce"
  integrity sha512-EEXB9dKBsJNJuKIU5NERZsaJ71GDGIj5uWLl7A4XiYr2jXM4JICfScvvp3O5jHMDfhqmgpqNc0z90mHkgh3hKg==
  dependencies:
    "@babel/runtime" "^7.10.1"
    classnames "2.x"
    rc-select "^12.0.0"
    rc-tree "^4.0.0"
    rc-util "^5.0.5"

rc-tree@^4.0.0, rc-tree@~4.1.0:
  version "4.1.2"
  resolved "https://registry.npmjs.org/rc-tree/-/rc-tree-4.1.2.tgz#05e56160dd3a6b802ecfbbc9eb30b3b63e997f28"
  integrity sha512-9yhhDqHxG8gOZfkZeHYT6oarzarzi37lDe5c2r72tq5dflvoayGqD2bMkL2KC7GQJPLknZrtCwAbewqvD/T6NQ==
  dependencies:
    "@babel/runtime" "^7.10.1"
    classnames "2.x"
    rc-motion "^2.0.1"
    rc-util "^5.0.0"
    rc-virtual-list "^3.0.1"

rc-trigger@^5.0.0, rc-trigger@^5.0.4, rc-trigger@^5.1.2, rc-trigger@^5.2.1:
  version "5.2.3"
  resolved "https://registry.npmjs.org/rc-trigger/-/rc-trigger-5.2.3.tgz#8c55046ab432d7b52d51c69afb57ebb5bbe37e17"
  integrity sha512-6Fokao07HUbqKIDkDRFEM0AGZvsvK0Fbp8A/KFgl1ngaqfO1nY037cISCG1Jm5fxImVsXp9awdkP7Vu5cxjjog==
  dependencies:
    "@babel/runtime" "^7.11.2"
    classnames "^2.2.6"
    rc-align "^4.0.0"
    rc-motion "^2.0.0"
    rc-util "^5.5.0"

rc-upload@~4.0.0-alpha.6:
  version "4.0.0"
  resolved "https://registry.npmjs.org/rc-upload/-/rc-upload-4.0.0.tgz#c57e47c9e9fd487946b4759398e5abde7fae1366"
  integrity sha512-+7FKTPm14zGgLe7/CpTR+aq1l3wWTU5QLBqJQbTwx7H/CqsKWlJG0rnwHpvqhJ/CQC7EMorEu20UVDLElObDDQ==
  dependencies:
    "@babel/runtime" "^7.10.1"
    classnames "^2.2.5"
    rc-util "^5.2.0"

rc-util@^5.0.0, rc-util@^5.0.1, rc-util@^5.0.5, rc-util@^5.0.6, rc-util@^5.0.7, rc-util@^5.2.0, rc-util@^5.2.1, rc-util@^5.3.0, rc-util@^5.4.0, rc-util@^5.5.0, rc-util@^5.5.1, rc-util@^5.6.1, rc-util@^5.7.0, rc-util@^5.8.0, rc-util@^5.8.1:
  version "5.8.1"
  resolved "https://registry.npmjs.org/rc-util/-/rc-util-5.8.1.tgz#e3630abfb92b40becb31476cee136d65e80e02e0"
  integrity sha512-kXV/QjL+azh3AxMk68gm8+nltVoL6bjeJJULAZLRCLus2Fhvo/aaMZokxYov/E0dbfjo31I78pF4yVljqQB7bA==
  dependencies:
    "@babel/runtime" "^7.12.5"
    react-is "^16.12.0"
    shallowequal "^1.1.0"

rc-virtual-list@^3.0.1, rc-virtual-list@^3.2.0:
  version "3.2.6"
  resolved "https://registry.npmjs.org/rc-virtual-list/-/rc-virtual-list-3.2.6.tgz#2c92a40f4425e19881b38134d6bd286a11137d2d"
  integrity sha512-8FiQLDzm3c/tMX0d62SQtKDhLH7zFlSI6pWBAPt+TUntEqd3Lz9zFAmpvTu8gkvUom/HCsDSZs4wfV4wDPWC0Q==
  dependencies:
    classnames "^2.2.6"
    rc-resize-observer "^1.0.0"
    rc-util "^5.0.7"

react-dom@^17.0.1:
  version "17.0.1"
  resolved "https://registry.npmjs.org/react-dom/-/react-dom-17.0.1.tgz#1de2560474ec9f0e334285662ede52dbc5426fc6"
  integrity sha512-6eV150oJZ9U2t9svnsspTMrWNyHc6chX0KzDeAOXftRa8bNeOKTTfCJ7KorIwenkHd2xqVTBTCZd79yk/lx/Ug==
  dependencies:
    loose-envify "^1.1.0"
    object-assign "^4.1.1"
    scheduler "^0.20.1"

react-is@^16.12.0, react-is@^16.7.0:
  version "16.13.1"
  resolved "https://registry.npmjs.org/react-is/-/react-is-16.13.1.tgz#789729a4dc36de2999dc156dd6c1d9c18cea56a4"
  integrity sha512-24e6ynE2H+OKt4kqsOvNd8kBpV65zoxbA4BVsEOB3ARVWQki/DHzaUoC5KuON/BiccDaCCTZBuOcfZs70kR8bQ==

react@^17.0.1:
  version "17.0.1"
  resolved "https://registry.npmjs.org/react/-/react-17.0.1.tgz#6e0600416bd57574e3f86d92edba3d9008726127"
  integrity sha512-lG9c9UuMHdcAexXtigOZLX8exLWkW0Ku29qPRU8uhF2R9BN96dLCt0psvzPLlHc5OWkgymP3qwTRgbnw5BKx3w==
  dependencies:
    loose-envify "^1.1.0"
    object-assign "^4.1.1"

regenerator-runtime@^0.13.4:
  version "0.13.7"
  resolved "https://registry.npmjs.org/regenerator-runtime/-/regenerator-runtime-0.13.7.tgz#cac2dacc8a1ea675feaabaeb8ae833898ae46f55"
  integrity sha512-a54FxoJDIr27pgf7IgeQGxmqUNYrcV338lf/6gH456HZ/PhX+5BcwHXG9ajESmwe6WRO0tAzRUrRmNONWgkrew==

resize-observer-polyfill@^1.5.0, resize-observer-polyfill@^1.5.1:
  version "1.5.1"
  resolved "https://registry.npmjs.org/resize-observer-polyfill/-/resize-observer-polyfill-1.5.1.tgz#0e9020dd3d21024458d4ebd27e23e40269810464"
  integrity sha512-LwZrotdHOo12nQuZlHEmtuXdqGoOD0OhaxopaNFxWzInpEgaLWoVuAMbTzixuosCx2nEG58ngzW3vxdWoxIgdg==

scheduler@^0.20.1:
  version "0.20.1"
  resolved "https://registry.npmjs.org/scheduler/-/scheduler-0.20.1.tgz#da0b907e24026b01181ecbc75efdc7f27b5a000c"
  integrity sha512-LKTe+2xNJBNxu/QhHvDR14wUXHRQbVY5ZOYpOGWRzhydZUqrLb2JBvLPY7cAqFmqrWuDED0Mjk7013SZiOz6Bw==
  dependencies:
    loose-envify "^1.1.0"
    object-assign "^4.1.1"

scroll-into-view-if-needed@^2.2.25:
  version "2.2.27"
  resolved "https://registry.npmjs.org/scroll-into-view-if-needed/-/scroll-into-view-if-needed-2.2.27.tgz#c696e439bb50128abc558317b39c929907bd0620"
  integrity sha512-BKiRstRm4u1bZvw+Wu9TxXhyMZ9fskb/9fbuSGuRzwHhlbKlDetL4dBdYaPfQbEFTttQmpkNtFH7sQpk4rZf9w==
  dependencies:
    compute-scroll-into-view "^1.0.16"

shallowequal@^1.0.2, shallowequal@^1.1.0:
  version "1.1.0"
  resolved "https://registry.npmjs.org/shallowequal/-/shallowequal-1.1.0.tgz#188d521de95b9087404fd4dcb68b13df0ae4e7f8"
  integrity sha512-y0m1JoUZSlPAjXVtPPW70aZWfIL/dSP7AFkRnniLCrK/8MDKog3TySTBmckD+RObVxH0v4Tox67+F14PdED2oQ==

source-map@^0.5.0:
  version "0.5.7"
  resolved "https://registry.npmjs.org/source-map/-/source-map-0.5.7.tgz#8a039d2d1021d22d1ea14c80d8ea468ba2ef3fcc"
  integrity sha1-igOdLRAh0i0eoUyA2OpGi6LvP8w=

string-convert@^0.2.0:
  version "0.2.1"
  resolved "https://registry.npmjs.org/string-convert/-/string-convert-0.2.1.tgz#6982cc3049fbb4cd85f8b24568b9d9bf39eeff97"
  integrity sha1-aYLMMEn7tM2F+LJFaLnZvznu/5c=

styled-components@^5.2.1:
  version "5.2.1"
  resolved "https://registry.npmjs.org/styled-components/-/styled-components-5.2.1.tgz#6ed7fad2dc233825f64c719ffbdedd84ad79101a"
  integrity sha512-sBdgLWrCFTKtmZm/9x7jkIabjFNVzCUeKfoQsM6R3saImkUnjx0QYdLwJHBjY9ifEcmjDamJDVfknWm1yxZPxQ==
  dependencies:
    "@babel/helper-module-imports" "^7.0.0"
    "@babel/traverse" "^7.4.5"
    "@emotion/is-prop-valid" "^0.8.8"
    "@emotion/stylis" "^0.8.4"
    "@emotion/unitless" "^0.7.4"
    babel-plugin-styled-components ">= 1"
    css-to-react-native "^3.0.0"
    hoist-non-react-statics "^3.0.0"
    shallowequal "^1.1.0"
    supports-color "^5.5.0"

supports-color@^5.3.0, supports-color@^5.5.0:
  version "5.5.0"
  resolved "https://registry.npmjs.org/supports-color/-/supports-color-5.5.0.tgz#e2e69a44ac8772f78a1ec0b35b689df6530efc8f"
  integrity sha512-QjVjwdXIt408MIiAqCX4oUKsgU2EqAGzs2Ppkm4aQYbjm+ZEWEcW4SfFNTr4uMNZma0ey4f5lgLrkB0aX0QMow==
  dependencies:
    has-flag "^3.0.0"

to-fast-properties@^2.0.0:
  version "2.0.0"
  resolved "https://registry.npmjs.org/to-fast-properties/-/to-fast-properties-2.0.0.tgz#dc5e698cbd079265bc73e0377681a4e4e83f616e"
  integrity sha1-3F5pjL0HkmW8c+A3doGk5Og/YW4=

toggle-selection@^1.0.6:
  version "1.0.6"
  resolved "https://registry.npmjs.org/toggle-selection/-/toggle-selection-1.0.6.tgz#6e45b1263f2017fa0acc7d89d78b15b8bf77da32"
  integrity sha1-bkWxJj8gF/oKzH2J14sVuL932jI=

typescript@^4.1.2:
  version "4.2.2"
  resolved "https://registry.npmjs.org/typescript/-/typescript-4.2.2.tgz#1450f020618f872db0ea17317d16d8da8ddb8c4c"
  integrity sha512-tbb+NVrLfnsJy3M59lsDgrzWIflR4d4TIUjz+heUnHZwdF7YsrMTKoRERiIvI2lvBG95dfpLxB21WZhys1bgaQ==

vue@2.6.11:
  version "2.6.11"
  resolved "https://registry.npmjs.org/vue/-/vue-2.6.11.tgz#76594d877d4b12234406e84e35275c6d514125c5"
  integrity sha512-VfPwgcGABbGAue9+sfrD4PuwFar7gPb1yl1UK1MwXoQPAw0BKSqWfoYCT/ThFrdEVWoI51dBuyCoiNU9bZDZxQ==

vuera@^0.2.7:
  version "0.2.7"
  resolved "https://registry.npmjs.org/vuera/-/vuera-0.2.7.tgz#8046ac9a7ce961b1c81f84218b3be4eaaa7ba940"
  integrity sha512-MZErNEK+xXjxBzIDFL9cdEtX3TDZk4pMJGB+WLrlFOVro9okS/FeOSpdPFkpdyZUImZN/or4CrmztA932ChGEQ==

warning@^4.0.1, warning@^4.0.3:
  version "4.0.3"
  resolved "https://registry.npmjs.org/warning/-/warning-4.0.3.tgz#16e9e077eb8a86d6af7d64aa1e05fd85b4678ca3"
  integrity sha512-rpJyN222KWIvHJ/F53XSZv0Zl/accqHR8et1kpaMTD/fLCRxtV8iX8czMzY7sVZupTI3zcUTg8eycS2kNF9l6w==
  dependencies:
    loose-envify "^1.0.0"
